Microsoft Visual Studio Solution File, Format Version 12.00
# Visual Studio Version 17
VisualStudioVersion = 17.5.2.0
MinimumVisualStudioVersion = 10.0.40219.1
Project("{FAE04EC0-301F-11D3-BF4B-00C04F79EFBC}") = "CSE325FinalProject", "CSE325FinalProject.csproj", "{A7CB578C-1418-80FF-FD48-C38FAF075C23}"
EndProject
Global
	GlobalSection(SolutionConfigurationPlatforms) = preSolution
		Debug|Any CPU = Debug|Any CPU
		Release|Any CPU = Release|Any CPU
	EndGlobalSection
	GlobalSection(ProjectConfigurationPlatforms) = postSolution
		{A7CB578C-1418-80FF-FD48-C38FAF075C23}.Debug|Any CPU.ActiveCfg = Debug|Any CPU
		{A7CB578C-1418-80FF-FD48-C38FAF075C23}.Debug|Any CPU.Build.0 = Debug|Any CPU
		{A7CB578C-1418-80FF-FD48-C38FAF075C23}.Release|Any CPU.ActiveCfg = Release|Any CPU
		{A7CB578C-1418-80FF-FD48-C38FAF075C23}.Release|Any CPU.Build.0 = Release|Any CPU
	EndGlobalSection
	GlobalSection(SolutionProperties) = preSolution
		HideSolutionNode = FALSE
	EndGlobalSection
	GlobalSection(ExtensibilityGlobals) = postSolution
		SolutionGuid = {5487444C-E88F-49D9-90E9-24F82A4BCFE7}
	EndGlobalSection
EndGlobal
